
Microsoft Visual Studio Solution File, Format Version 12.00
# Visual Studio Version 17
VisualStudioVersion = 17.8.34322.80
MinimumVisualStudioVersion = 10.0.40219.1
Project("{9A19103F-16F7-4668-BE54-9A1E7A4F7556}") = "QuizzMaker", "QuizzMaker\QuizzMaker.csproj", "{22DADA34-7D21-4C0C-A33D-AD0F1EEB7894}"
EndProject
Project("{54435603-DBB4-11D2-8724-00A0C9A8B90C}") = "QuizzMakerSetUp", "QuizzMakerSetUp\QuizzMakerSetUp\QuizzMakerSetUp.vdproj", "{E63043B0-47A8-4D46-9689-71DAC62C3779}"
EndProject
Global
	GlobalSection(SolutionConfigurationPlatforms) = preSolution
		Debug|Any CPU = Debug|Any CPU
		Release|Any CPU = Release|Any CPU
	EndGlobalSection
	GlobalSection(ProjectConfigurationPlatforms) = postSolution
		{22DADA34-7D21-4C0C-A33D-AD0F1EEB7894}.Debug|Any CPU.ActiveCfg = Release|Any CPU
		{22DADA34-7D21-4C0C-A33D-AD0F1EEB7894}.Debug|Any CPU.Build.0 = Release|Any CPU
		{22DADA34-7D21-4C0C-A33D-AD0F1EEB7894}.Release|Any CPU.ActiveCfg = Release|Any CPU
		{22DADA34-7D21-4C0C-A33D-AD0F1EEB7894}.Release|Any CPU.Build.0 = Release|Any CPU
		{E63043B0-47A8-4D46-9689-71DAC62C3779}.Debug|Any CPU.ActiveCfg = Release
		{E63043B0-47A8-4D46-9689-71DAC62C3779}.Release|Any CPU.ActiveCfg = Release
	EndGlobalSection
	GlobalSection(SolutionProperties) = preSolution
		HideSolutionNode = FALSE
	EndGlobalSection
	GlobalSection(ExtensibilityGlobals) = postSolution
		SolutionGuid = {406EC174-ECE5-4B03-BB90-E26123D1D547}
	EndGlobalSection
EndGlobal
