
Microsoft Visual Studio Solution File, Format Version 12.00
# Visual Studio Version 17
VisualStudioVersion = 17.8.34322.80
MinimumVisualStudioVersion = 10.0.40219.1
Project("{FAE04EC0-301F-11D3-BF4B-00C04F79EFBC}") = "QuizzMaker", "QuizzMaker\QuizzMaker.csproj", "{22DADA34-7D21-4C0C-A33D-AD0F1EEB7894}"
EndProject
Global
	GlobalSection(SolutionConfigurationPlatforms) = preSolution
		Debug|Any CPU = Debug|Any CPU
		Release|Any CPU = Release|Any CPU
	EndGlobalSection
	GlobalSection(ProjectConfigurationPlatforms) = postSolution
		{22DADA34-7D21-4C0C-A33D-AD0F1EEB7894}.Debug|Any CPU.ActiveCfg = Debug|Any CPU
		{22DADA34-7D21-4C0C-A33D-AD0F1EEB7894}.Debug|Any CPU.Build.0 = Debug|Any CPU
		{22DADA34-7D21-4C0C-A33D-AD0F1EEB7894}.Release|Any CPU.ActiveCfg = Release|Any CPU
		{22DADA34-7D21-4C0C-A33D-AD0F1EEB7894}.Release|Any CPU.Build.0 = Release|Any CPU
	EndGlobalSection
	GlobalSection(SolutionProperties) = preSolution
		HideSolutionNode = FALSE
	EndGlobalSection
	GlobalSection(ExtensibilityGlobals) = postSolution
		SolutionGuid = {406EC174-ECE5-4B03-BB90-E26123D1D547}
	EndGlobalSection
EndGlobal
